<?xml version="1.0" encoding="utf-8"?>
<Project ToolsVersion="4.0" xmlns="http://schemas.microsoft.com/developer/msbuild/2003">
  <ItemGroup>
    <Filter Include="Source Files">
      <UniqueIdentifier>{4FC737F1-C7A5-4376-A066-2A32D752A2FF}</UniqueIdentifier>
      <Extensions>cpp;c;cc;cxx;c++;cppm;ixx;def;odl;idl;hpj;bat;asm;asmx</Extensions>
    </Filter>
    <Filter Include="Header Files">
      <UniqueIdentifier>{93995380-89BD-4b04-88EB-625FBE52EBFB}</UniqueIdentifier>
      <Extensions>h;hh;hpp;hxx;h++;hm;inl;inc;ipp;xsd</Extensions>
    </Filter>
    <Filter Include="Resource Files">
      <UniqueIdentifier>{67DA6AB6-F800-4c08-8B7A-83BB121AAD01}</UniqueIdentifier>
      <Extensions>rc;ico;cur;bmp;dlg;rc2;rct;bin;rgs;gif;jpg;jpeg;jpe;resx;tiff;tif;png;wav;mfcribbon-ms</Extensions>
    </Filter>
  </ItemGroup>
  <ItemGroup>
    <ClCompile Include="src\main.cpp">
      <Filter>Source Files</Filter>
    </ClCompile>
    <ClCompile Include="vendor\imgui\imgui.cpp">
      <Filter>Source Files</Filter>
    </ClCompile>
    <ClCompile Include="vendor\imgui\imgui_demo.cpp">
      <Filter>Source Files</Filter>
    </ClCompile>
    <ClCompile Include="vendor\imgui\imgui_draw.cpp">
      <Filter>Source Files</Filter>
    </ClCompile>
    <ClCompile Include="vendor\imgui\imgui_tables.cpp">
      <Filter>Source Files</Filter>
    </ClCompile>
    <ClCompile Include="vendor\imgui\imgui_widgets.cpp">
      <Filter>Source Files</Filter>
    </ClCompile>
    <ClCompile Include="vendor\imgui\backend\imgui_impl_dx9.cpp">
      <Filter>Source Files</Filter>
    </ClCompile>
    <ClCompile Include="vendor\imgui\backend\imgui_impl_win32.cpp">
      <Filter>Source Files</Filter>
    </ClCompile>
    <ClCompile Include="src\core\menu.cpp">
      <Filter>Source Files</Filter>
    </ClCompile>
    <ClCompile Include="vendor\cpr\accept_encoding.cpp">
      <Filter>Source Files</Filter>
    </ClCompile>
    <ClCompile Include="vendor\cpr\async.cpp">
      <Filter>Source Files</Filter>
    </ClCompile>
    <ClCompile Include="vendor\cpr\auth.cpp">
      <Filter>Source Files</Filter>
    </ClCompile>
    <ClCompile Include="vendor\cpr\bearer.cpp">
      <Filter>Source Files</Filter>
    </ClCompile>
    <ClCompile Include="vendor\cpr\cookies.cpp">
      <Filter>Source Files</Filter>
    </ClCompile>
    <ClCompile Include="vendor\cpr\cprtypes.cpp">
      <Filter>Source Files</Filter>
    </ClCompile>
    <ClCompile Include="vendor\cpr\curl_container.cpp">
      <Filter>Source Files</Filter>
    </ClCompile>
    <ClCompile Include="vendor\cpr\curlholder.cpp">
      <Filter>Source Files</Filter>
    </ClCompile>
    <ClCompile Include="vendor\cpr\error.cpp">
      <Filter>Source Files</Filter>
    </ClCompile>
    <ClCompile Include="vendor\cpr\interceptor.cpp">
      <Filter>Source Files</Filter>
    </ClCompile>
    <ClCompile Include="vendor\cpr\multipart.cpp">
      <Filter>Source Files</Filter>
    </ClCompile>
    <ClCompile Include="vendor\cpr\parameters.cpp">
      <Filter>Source Files</Filter>
    </ClCompile>
    <ClCompile Include="vendor\cpr\payload.cpp">
      <Filter>Source Files</Filter>
    </ClCompile>
    <ClCompile Include="vendor\cpr\proxies.cpp">
      <Filter>Source Files</Filter>
    </ClCompile>
    <ClCompile Include="vendor\cpr\proxyauth.cpp">
      <Filter>Source Files</Filter>
    </ClCompile>
    <ClCompile Include="vendor\cpr\redirect.cpp">
      <Filter>Source Files</Filter>
    </ClCompile>
    <ClCompile Include="vendor\cpr\response.cpp">
      <Filter>Source Files</Filter>
    </ClCompile>
    <ClCompile Include="vendor\cpr\session.cpp">
      <Filter>Source Files</Filter>
    </ClCompile>
    <ClCompile Include="vendor\cpr\ssl_ctx.cpp">
      <Filter>Source Files</Filter>
    </ClCompile>
    <ClCompile Include="vendor\cpr\threadpool.cpp">
      <Filter>Source Files</Filter>
    </ClCompile>
    <ClCompile Include="vendor\cpr\timeout.cpp">
      <Filter>Source Files</Filter>
    </ClCompile>
    <ClCompile Include="vendor\cpr\unix_socket.cpp">
      <Filter>Source Files</Filter>
    </ClCompile>
    <ClCompile Include="vendor\cpr\util.cpp">
      <Filter>Source Files</Filter>
    </ClCompile>
    <ClCompile Include="src\api\auth\authentication.cpp">
      <Filter>Source Files</Filter>
    </ClCompile>
  </ItemGroup>
  <ItemGroup>
    <ClInclude Include="vendor\imgui\imconfig.h">
      <Filter>Header Files</Filter>
    </ClInclude>
    <ClInclude Include="vendor\imgui\imgui.h">
      <Filter>Header Files</Filter>
    </ClInclude>
    <ClInclude Include="vendor\imgui\imgui_internal.h">
      <Filter>Header Files</Filter>
    </ClInclude>
    <ClInclude Include="vendor\imgui\imstb_rectpack.h">
      <Filter>Header Files</Filter>
    </ClInclude>
    <ClInclude Include="vendor\imgui\imstb_textedit.h">
      <Filter>Header Files</Filter>
    </ClInclude>
    <ClInclude Include="vendor\imgui\imstb_truetype.h">
      <Filter>Header Files</Filter>
    </ClInclude>
    <ClInclude Include="vendor\imgui\backend\imgui_impl_dx9.h">
      <Filter>Header Files</Filter>
    </ClInclude>
    <ClInclude Include="vendor\imgui\backend\imgui_impl_win32.h">
      <Filter>Header Files</Filter>
    </ClInclude>
    <ClInclude Include="src\core\menu.h">
      <Filter>Header Files</Filter>
    </ClInclude>
    <ClInclude Include="vendor\cpr\full_includes\cpr\api.h">
      <Filter>Header Files</Filter>
    </ClInclude>
    <ClInclude Include="vendor\cpr\full_includes\cpr\auth.h">
      <Filter>Header Files</Filter>
    </ClInclude>
    <ClInclude Include="vendor\cpr\full_includes\cpr\bearer.h">
      <Filter>Header Files</Filter>
    </ClInclude>
    <ClInclude Include="vendor\cpr\full_includes\cpr\body.h">
      <Filter>Header Files</Filter>
    </ClInclude>
    <ClInclude Include="vendor\cpr\full_includes\cpr\callback.h">
      <Filter>Header Files</Filter>
    </ClInclude>
    <ClInclude Include="vendor\cpr\full_includes\cpr\connect_timeout.h">
      <Filter>Header Files</Filter>
    </ClInclude>
    <ClInclude Include="vendor\cpr\full_includes\cpr\cookies.h">
      <Filter>Header Files</Filter>
    </ClInclude>
    <ClInclude Include="vendor\cpr\full_includes\cpr\cpr.h">
      <Filter>Header Files</Filter>
    </ClInclude>
    <ClInclude Include="vendor\cpr\full_includes\cpr\cprtypes.h">
      <Filter>Header Files</Filter>
    </ClInclude>
    <ClInclude Include="vendor\cpr\full_includes\cpr\curl_container.h">
      <Filter>Header Files</Filter>
    </ClInclude>
    <ClInclude Include="vendor\cpr\full_includes\cpr\curlholder.h">
      <Filter>Header Files</Filter>
    </ClInclude>
    <ClInclude Include="vendor\cpr\full_includes\cpr\digest.h">
      <Filter>Header Files</Filter>
    </ClInclude>
    <ClInclude Include="vendor\cpr\full_includes\cpr\error.h">
      <Filter>Header Files</Filter>
    </ClInclude>
    <ClInclude Include="vendor\cpr\full_includes\cpr\limit_rate.h">
      <Filter>Header Files</Filter>
    </ClInclude>
    <ClInclude Include="vendor\cpr\full_includes\cpr\low_speed.h">
      <Filter>Header Files</Filter>
    </ClInclude>
    <ClInclude Include="vendor\cpr\full_includes\cpr\max_redirects.h">
      <Filter>Header Files</Filter>
    </ClInclude>
    <ClInclude Include="vendor\cpr\full_includes\cpr\multipart.h">
      <Filter>Header Files</Filter>
    </ClInclude>
    <ClInclude Include="vendor\cpr\full_includes\cpr\ntlm.h">
      <Filter>Header Files</Filter>
    </ClInclude>
    <ClInclude Include="vendor\cpr\full_includes\cpr\parameters.h">
      <Filter>Header Files</Filter>
    </ClInclude>
    <ClInclude Include="vendor\cpr\full_includes\cpr\payload.h">
      <Filter>Header Files</Filter>
    </ClInclude>
    <ClInclude Include="vendor\cpr\full_includes\cpr\proxies.h">
      <Filter>Header Files</Filter>
    </ClInclude>
    <ClInclude Include="vendor\cpr\full_includes\cpr\response.h">
      <Filter>Header Files</Filter>
    </ClInclude>
    <ClInclude Include="vendor\cpr\full_includes\cpr\session.h">
      <Filter>Header Files</Filter>
    </ClInclude>
    <ClInclude Include="vendor\cpr\full_includes\cpr\ssl_options.h">
      <Filter>Header Files</Filter>
    </ClInclude>
    <ClInclude Include="vendor\cpr\full_includes\cpr\status_codes.h">
      <Filter>Header Files</Filter>
    </ClInclude>
    <ClInclude Include="vendor\cpr\full_includes\cpr\timeout.h">
      <Filter>Header Files</Filter>
    </ClInclude>
    <ClInclude Include="vendor\cpr\full_includes\cpr\unix_socket.h">
      <Filter>Header Files</Filter>
    </ClInclude>
    <ClInclude Include="vendor\cpr\full_includes\cpr\user_agent.h">
      <Filter>Header Files</Filter>
    </ClInclude>
    <ClInclude Include="vendor\cpr\full_includes\cpr\util.h">
      <Filter>Header Files</Filter>
    </ClInclude>
    <ClInclude Include="vendor\cpr\full_includes\cpr\verbose.h">
      <Filter>Header Files</Filter>
    </ClInclude>
    <ClInclude Include="vendor\cpr\full_includes\curl\curl.h">
      <Filter>Header Files</Filter>
    </ClInclude>
    <ClInclude Include="vendor\cpr\full_includes\curl\curlver.h">
      <Filter>Header Files</Filter>
    </ClInclude>
    <ClInclude Include="vendor\cpr\full_includes\curl\easy.h">
      <Filter>Header Files</Filter>
    </ClInclude>
    <ClInclude Include="vendor\cpr\full_includes\curl\mprintf.h">
      <Filter>Header Files</Filter>
    </ClInclude>
    <ClInclude Include="vendor\cpr\full_includes\curl\multi.h">
      <Filter>Header Files</Filter>
    </ClInclude>
    <ClInclude Include="vendor\cpr\full_includes\curl\options.h">
      <Filter>Header Files</Filter>
    </ClInclude>
    <ClInclude Include="vendor\cpr\full_includes\curl\stdcheaders.h">
      <Filter>Header Files</Filter>
    </ClInclude>
    <ClInclude Include="vendor\cpr\full_includes\curl\system.h">
      <Filter>Header Files</Filter>
    </ClInclude>
    <ClInclude Include="vendor\cpr\full_includes\curl\typecheck-gcc.h">
      <Filter>Header Files</Filter>
    </ClInclude>
    <ClInclude Include="vendor\cpr\full_includes\curl\urlapi.h">
      <Filter>Header Files</Filter>
    </ClInclude>
    <ClInclude Include="vendor\cpr\full_includes\zconf.h">
      <Filter>Header Files</Filter>
    </ClInclude>
    <ClInclude Include="vendor\cpr\full_includes\zlib.h">
      <Filter>Header Files</Filter>
    </ClInclude>
    <ClInclude Include="vendor\cpr\accept_encoding.h">
      <Filter>Header Files</Filter>
    </ClInclude>
    <ClInclude Include="vendor\cpr\api.h">
      <Filter>Header Files</Filter>
    </ClInclude>
    <ClInclude Include="vendor\cpr\async.h">
      <Filter>Header Files</Filter>
    </ClInclude>
    <ClInclude Include="vendor\cpr\auth.h">
      <Filter>Header Files</Filter>
    </ClInclude>
    <ClInclude Include="vendor\cpr\bearer.h">
      <Filter>Header Files</Filter>
    </ClInclude>
    <ClInclude Include="vendor\cpr\body.h">
      <Filter>Header Files</Filter>
    </ClInclude>
    <ClInclude Include="vendor\cpr\callback.h">
      <Filter>Header Files</Filter>
    </ClInclude>
    <ClInclude Include="vendor\cpr\connect_timeout.h">
      <Filter>Header Files</Filter>
    </ClInclude>
    <ClInclude Include="vendor\cpr\cookies.h">
      <Filter>Header Files</Filter>
    </ClInclude>
    <ClInclude Include="vendor\cpr\cpr.h">
      <Filter>Header Files</Filter>
    </ClInclude>
    <ClInclude Include="vendor\cpr\cprtypes.h">
      <Filter>Header Files</Filter>
    </ClInclude>
    <ClInclude Include="vendor\cpr\cprver.h">
      <Filter>Header Files</Filter>
    </ClInclude>
    <ClInclude Include="vendor\cpr\curl_container.h">
      <Filter>Header Files</Filter>
    </ClInclude>
    <ClInclude Include="vendor\cpr\curlholder.h">
      <Filter>Header Files</Filter>
    </ClInclude>
    <ClInclude Include="vendor\cpr\error.h">
      <Filter>Header Files</Filter>
    </ClInclude>
    <ClInclude Include="vendor\cpr\http_version.h">
      <Filter>Header Files</Filter>
    </ClInclude>
    <ClInclude Include="vendor\cpr\interceptor.h">
      <Filter>Header Files</Filter>
    </ClInclude>
    <ClInclude Include="vendor\cpr\interface.h">
      <Filter>Header Files</Filter>
    </ClInclude>
    <ClInclude Include="vendor\cpr\limit_rate.h">
      <Filter>Header Files</Filter>
    </ClInclude>
    <ClInclude Include="vendor\cpr\local_port.h">
      <Filter>Header Files</Filter>
    </ClInclude>
    <ClInclude Include="vendor\cpr\local_port_range.h">
      <Filter>Header Files</Filter>
    </ClInclude>
    <ClInclude Include="vendor\cpr\low_speed.h">
      <Filter>Header Files</Filter>
    </ClInclude>
    <ClInclude Include="vendor\cpr\multipart.h">
      <Filter>Header Files</Filter>
    </ClInclude>
    <ClInclude Include="vendor\cpr\parameters.h">
      <Filter>Header Files</Filter>
    </ClInclude>
    <ClInclude Include="vendor\cpr\payload.h">
      <Filter>Header Files</Filter>
    </ClInclude>
    <ClInclude Include="vendor\cpr\proxies.h">
      <Filter>Header Files</Filter>
    </ClInclude>
    <ClInclude Include="vendor\cpr\proxyauth.h">
      <Filter>Header Files</Filter>
    </ClInclude>
    <ClInclude Include="vendor\cpr\range.h">
      <Filter>Header Files</Filter>
    </ClInclude>
    <ClInclude Include="vendor\cpr\redirect.h">
      <Filter>Header Files</Filter>
    </ClInclude>
    <ClInclude Include="vendor\cpr\reserve_size.h">
      <Filter>Header Files</Filter>
    </ClInclude>
    <ClInclude Include="vendor\cpr\response.h">
      <Filter>Header Files</Filter>
    </ClInclude>
    <ClInclude Include="vendor\cpr\session.h">
      <Filter>Header Files</Filter>
    </ClInclude>
    <ClInclude Include="vendor\cpr\singleton.h">
      <Filter>Header Files</Filter>
    </ClInclude>
    <ClInclude Include="vendor\cpr\ssl_ctx.h">
      <Filter>Header Files</Filter>
    </ClInclude>
    <ClInclude Include="vendor\cpr\ssl_options.h">
      <Filter>Header Files</Filter>
    </ClInclude>
    <ClInclude Include="vendor\cpr\status_codes.h">
      <Filter>Header Files</Filter>
    </ClInclude>
    <ClInclude Include="vendor\cpr\threadpool.h">
      <Filter>Header Files</Filter>
    </ClInclude>
    <ClInclude Include="vendor\cpr\timeout.h">
      <Filter>Header Files</Filter>
    </ClInclude>
    <ClInclude Include="vendor\cpr\unix_socket.h">
      <Filter>Header Files</Filter>
    </ClInclude>
    <ClInclude Include="vendor\cpr\user_agent.h">
      <Filter>Header Files</Filter>
    </ClInclude>
    <ClInclude Include="vendor\cpr\util.h">
      <Filter>Header Files</Filter>
    </ClInclude>
    <ClInclude Include="vendor\cpr\verbose.h">
      <Filter>Header Files</Filter>
    </ClInclude>
    <ClInclude Include="vendor\curl\curl.h">
      <Filter>Header Files</Filter>
    </ClInclude>
    <ClInclude Include="vendor\curl\curlver.h">
      <Filter>Header Files</Filter>
    </ClInclude>
    <ClInclude Include="vendor\curl\easy.h">
      <Filter>Header Files</Filter>
    </ClInclude>
    <ClInclude Include="vendor\curl\mprintf.h">
      <Filter>Header Files</Filter>
    </ClInclude>
    <ClInclude Include="vendor\curl\multi.h">
      <Filter>Header Files</Filter>
    </ClInclude>
    <ClInclude Include="vendor\curl\options.h">
      <Filter>Header Files</Filter>
    </ClInclude>
    <ClInclude Include="vendor\curl\stdcheaders.h">
      <Filter>Header Files</Filter>
    </ClInclude>
    <ClInclude Include="vendor\curl\system.h">
      <Filter>Header Files</Filter>
    </ClInclude>
    <ClInclude Include="vendor\curl\typecheck-gcc.h">
      <Filter>Header Files</Filter>
    </ClInclude>
    <ClInclude Include="vendor\curl\urlapi.h">
      <Filter>Header Files</Filter>
    </ClInclude>
    <ClInclude Include="src\api\auth\authentication.h">
      <Filter>Header Files</Filter>
    </ClInclude>
    <ClInclude Include="vendor\json\json.hpp">
      <Filter>Header Files</Filter>
    </ClInclude>
    <ClInclude Include="vendor\fmt\args.h">
      <Filter>Header Files</Filter>
    </ClInclude>
    <ClInclude Include="vendor\fmt\chrono.h">
      <Filter>Header Files</Filter>
    </ClInclude>
    <ClInclude Include="vendor\fmt\color.h">
      <Filter>Header Files</Filter>
    </ClInclude>
    <ClInclude Include="vendor\fmt\compile.h">
      <Filter>Header Files</Filter>
    </ClInclude>
    <ClInclude Include="vendor\fmt\core.h">
      <Filter>Header Files</Filter>
    </ClInclude>
    <ClInclude Include="vendor\fmt\format.h">
      <Filter>Header Files</Filter>
    </ClInclude>
    <ClInclude Include="vendor\fmt\format-inl.h">
      <Filter>Header Files</Filter>
    </ClInclude>
    <ClInclude Include="vendor\fmt\os.h">
      <Filter>Header Files</Filter>
    </ClInclude>
    <ClInclude Include="vendor\fmt\ostream.h">
      <Filter>Header Files</Filter>
    </ClInclude>
    <ClInclude Include="vendor\fmt\printf.h">
      <Filter>Header Files</Filter>
    </ClInclude>
    <ClInclude Include="vendor\fmt\ranges.h">
      <Filter>Header Files</Filter>
    </ClInclude>
    <ClInclude Include="vendor\fmt\std.h">
      <Filter>Header Files</Filter>
    </ClInclude>
    <ClInclude Include="vendor\fmt\xchar.h">
      <Filter>Header Files</Filter>
    </ClInclude>
    <ClInclude Include="vendor\base64\base64.h">
      <Filter>Header Files</Filter>
    </ClInclude>
  </ItemGroup>
</Project>